// !$*UTF8*$!
{
	archiveVersion = 1;
	classes = {
	};
	objectVersion = 56;
	objects = {

/* Begin PBXBuildFile section */
		5732121E2BA1989B006100CF /* InfoPlist.strings in Resources */ = {isa = PBXBuildFile; fileRef = 573212202BA1989B006100CF /* InfoPlist.strings */; };
		573212242BA19F7A006100CF /* FHLCommon.framework in Frameworks */ = {isa = PBXBuildFile; fileRef = 573212232BA19F7A006100CF /* FHLCommon.framework */; };
		573212252BA19F7A006100CF /* FHLCommon.framework in Embed Frameworks */ = {isa = PBXBuildFile; fileRef = 573212232BA19F7A006100CF /* FHLCommon.framework */; settings = {ATTRIBUTES = (CodeSignOnCopy, RemoveHeadersOnCopy, ); }; };
		57BA20432B664A9900E5638D /* open_han31.ttf in Resources */ = {isa = PBXBuildFile; fileRef = 57BA20422B664A9900E5638D /* open_han31.ttf */; };
		57BA22D42B8614A500E5638D /* FMDB in Frameworks */ = {isa = PBXBuildFile; productRef = 57BA22D32B8614A500E5638D /* FMDB */; };
		57D1360D2B4A642000FBDA4D /* AppDelegate.swift in Sources */ = {isa = PBXBuildFile; fileRef = 57D1360C2B4A642000FBDA4D /* AppDelegate.swift */; };
		57D1360F2B4A642000FBDA4D /* SceneDelegate.swift in Sources */ = {isa = PBXBuildFile; fileRef = 57D1360E2B4A642000FBDA4D /* SceneDelegate.swift */; };
		57D136142B4A642000FBDA4D /* Main.storyboard in Resources */ = {isa = PBXBuildFile; fileRef = 57D136122B4A642000FBDA4D /* Main.storyboard */; };
		57D136172B4A642000FBDA4D /* FHLBibleTW.xcdatamodeld in Sources */ = {isa = PBXBuildFile; fileRef = 57D136152B4A642000FBDA4D /* FHLBibleTW.xcdatamodeld */; };
		57D136192B4A642100FBDA4D /* Assets.xcassets in Resources */ = {isa = PBXBuildFile; fileRef = 57D136182B4A642100FBDA4D /* Assets.xcassets */; };
		57D1361C2B4A642100FBDA4D /* LaunchScreen.storyboard in Resources */ = {isa = PBXBuildFile; fileRef = 57D1361A2B4A642100FBDA4D /* LaunchScreen.storyboard */; };
		57D136272B4A642100FBDA4D /* FHLBibleTWTests.swift in Sources */ = {isa = PBXBuildFile; fileRef = 57D136262B4A642100FBDA4D /* FHLBibleTWTests.swift */; };
		57D136312B4A642100FBDA4D /* FHLBibleTWUITests.swift in Sources */ = {isa = PBXBuildFile; fileRef = 57D136302B4A642100FBDA4D /* FHLBibleTWUITests.swift */; };
		57D136332B4A642100FBDA4D /* FHLBibleTWUITestsLaunchTests.swift in Sources */ = {isa = PBXBuildFile; fileRef = 57D136322B4A642100FBDA4D /* FHLBibleTWUITestsLaunchTests.swift */; };
		57D136412B4A76C200FBDA4D /* VCRead.swift in Sources */ = {isa = PBXBuildFile; fileRef = 57D136402B4A76C200FBDA4D /* VCRead.swift */; };
/* End PBXBuildFile section */

/* Begin PBXContainerItemProxy section */
		57D136232B4A642100FBDA4D /* PBXContainerItemProxy */ = {
			isa = PBXContainerItemProxy;
			containerPortal = 57D136012B4A642000FBDA4D /* Project object */;
			proxyType = 1;
			remoteGlobalIDString = 57D136082B4A642000FBDA4D;
			remoteInfo = FHLBibleTW;
		};
		57D1362D2B4A642100FBDA4D /* PBXContainerItemProxy */ = {
			isa = PBXContainerItemProxy;
			containerPortal = 57D136012B4A642000FBDA4D /* Project object */;
			proxyType = 1;
			remoteGlobalIDString = 57D136082B4A642000FBDA4D;
			remoteInfo = FHLBibleTW;
		};
/* End PBXContainerItemProxy section */

/* Begin PBXCopyFilesBuildPhase section */
		573212262BA19F7B006100CF /* Embed Frameworks */ = {
			isa = PBXCopyFilesBuildPhase;
			buildActionMask = 2147483647;
			dstPath = "";
			dstSubfolderSpec = 10;
			files = (
				573212252BA19F7A006100CF /* FHLCommon.framework in Embed Frameworks */,
			);
			name = "Embed Frameworks";
			runOnlyForDeploymentPostprocessing = 0;
		};
/* End PBXCopyFilesBuildPhase section */

/* Begin PBXFileReference section */
		5732121A2BA197D2006100CF /* zh-Hant */ = {isa = PBXFileReference; lastKnownFileType = file.storyboard; name = "zh-Hant"; path = "zh-Hant.lproj/Main.storyboard"; sourceTree = "<group>"; };
		5732121B2BA197D2006100CF /* zh-Hans */ = {isa = PBXFileReference; lastKnownFileType = file.storyboard; name = "zh-Hans"; path = "zh-Hans.lproj/Main.storyboard"; sourceTree = "<group>"; };
		5732121F2BA1989B006100CF /* zh-Hant */ = {isa = PBXFileReference; lastKnownFileType = text.plist.strings; name = "zh-Hant"; path = "zh-Hant.lproj/InfoPlist.strings"; sourceTree = "<group>"; };
		573212212BA198A0006100CF /* zh-Hans */ = {isa = PBXFileReference; lastKnownFileType = text.plist.strings; name = "zh-Hans"; path = "zh-Hans.lproj/InfoPlist.strings"; sourceTree = "<group>"; };
		573212232BA19F7A006100CF /* FHLCommon.framework */ = {isa = PBXFileReference; explicitFileType = wrapper.framework; path = FHLCommon.framework; sourceTree = BUILT_PRODUCTS_DIR; };
		57BA20422B664A9900E5638D /* open_han31.ttf */ = {isa = PBXFileReference; lastKnownFileType = file; path = open_han31.ttf; sourceTree = "<group>"; };
		57BA22842B7DA01B00E5638D /* zh-Hant */ = {isa = PBXFileReference; lastKnownFileType = text.plist.strings; name = "zh-Hant"; path = "zh-Hant.lproj/LaunchScreen.strings"; sourceTree = "<group>"; };
		57BA22862B7DA02300E5638D /* zh-Hans */ = {isa = PBXFileReference; lastKnownFileType = text.plist.strings; name = "zh-Hans"; path = "zh-Hans.lproj/LaunchScreen.strings"; sourceTree = "<group>"; };
		57D136092B4A642000FBDA4D /* FHLBibleTW.app */ = {isa = PBXFileReference; explicitFileType = wrapper.application; includeInIndex = 0; path = FHLBibleTW.app; sourceTree = BUILT_PRODUCTS_DIR; };
		57D1360C2B4A642000FBDA4D /* AppDelegate.swift */ = {isa = PBXFileReference; lastKnownFileType = sourcecode.swift; path = AppDelegate.swift; sourceTree = "<group>"; };
		57D1360E2B4A642000FBDA4D /* SceneDelegate.swift */ = {isa = PBXFileReference; lastKnownFileType = sourcecode.swift; path = SceneDelegate.swift; sourceTree = "<group>"; };
		57D136132B4A642000FBDA4D /* Base */ = {isa = PBXFileReference; lastKnownFileType = file.storyboard; name = Base; path = Base.lproj/Main.storyboard; sourceTree = "<group>"; };
		57D136162B4A642000FBDA4D /* FHLBibleTW.xcdatamodel */ = {isa = PBXFileReference; lastKnownFileType = wrapper.xcdatamodel; path = FHLBibleTW.xcdatamodel; sourceTree = "<group>"; };
		57D136182B4A642100FBDA4D /* Assets.xcassets */ = {isa = PBXFileReference; lastKnownFileType = folder.assetcatalog; path = Assets.xcassets; sourceTree = "<group>"; };
		57D1361B2B4A642100FBDA4D /* Base */ = {isa = PBXFileReference; lastKnownFileType = file.storyboard; name = Base; path = Base.lproj/LaunchScreen.storyboard; sourceTree = "<group>"; };
		57D1361D2B4A642100FBDA4D /* Info.plist */ = {isa = PBXFileReference; lastKnownFileType = text.plist.xml; path = Info.plist; sourceTree = "<group>"; };
		57D136222B4A642100FBDA4D /* FHLBibleTWTests.xctest */ = {isa = PBXFileReference; explicitFileType = wrapper.cfbundle; includeInIndex = 0; path = FHLBibleTWTests.xctest; sourceTree = BUILT_PRODUCTS_DIR; };
		57D136262B4A642100FBDA4D /* FHLBibleTWTests.swift */ = {isa = PBXFileReference; lastKnownFileType = sourcecode.swift; path = FHLBibleTWTests.swift; sourceTree = "<group>"; };
		57D1362C2B4A642100FBDA4D /* FHLBibleTWUITests.xctest */ = {isa = PBXFileReference; explicitFileType = wrapper.cfbundle; includeInIndex = 0; path = FHLBibleTWUITests.xctest; sourceTree = BUILT_PRODUCTS_DIR; };
		57D136302B4A642100FBDA4D /* FHLBibleTWUITests.swift */ = {isa = PBXFileReference; lastKnownFileType = sourcecode.swift; path = FHLBibleTWUITests.swift; sourceTree = "<group>"; };
		57D136322B4A642100FBDA4D /* FHLBibleTWUITestsLaunchTests.swift */ = {isa = PBXFileReference; lastKnownFileType = sourcecode.swift; path = FHLBibleTWUITestsLaunchTests.swift; sourceTree = "<group>"; };
		57D136402B4A76C200FBDA4D /* VCRead.swift */ = {isa = PBXFileReference; lastKnownFileType = sourcecode.swift; path = VCRead.swift; sourceTree = "<group>"; };
/* End PBXFileReference section */

/* Begin PBXFrameworksBuildPhase section */
		57D136062B4A642000FBDA4D /* Frameworks */ = {
			isa = PBXFrameworksBuildPhase;
			buildActionMask = 2147483647;
			files = (
				573212242BA19F7A006100CF /* FHLCommon.framework in Frameworks */,
				57BA22D42B8614A500E5638D /* FMDB in Frameworks */,
			);
			runOnlyForDeploymentPostprocessing = 0;
		};
		57D1361F2B4A642100FBDA4D /* Frameworks */ = {
			isa = PBXFrameworksBuildPhase;
			buildActionMask = 2147483647;
			files = (
			);
			runOnlyForDeploymentPostprocessing = 0;
		};
		57D136292B4A642100FBDA4D /* Frameworks */ = {
			isa = PBXFrameworksBuildPhase;
			buildActionMask = 2147483647;
			files = (
			);
			runOnlyForDeploymentPostprocessing = 0;
		};
/* End PBXFrameworksBuildPhase section */

/* Begin PBXGroup section */
		573212222BA19F7A006100CF /* Frameworks */ = {
			isa = PBXGroup;
			children = (
				573212232BA19F7A006100CF /* FHLCommon.framework */,
			);
			name = Frameworks;
			sourceTree = "<group>";
		};
		57D136002B4A642000FBDA4D = {
			isa = PBXGroup;
			children = (
				57D1360B2B4A642000FBDA4D /* FHLBibleTW */,
				57D136252B4A642100FBDA4D /* FHLBibleTWTests */,
				57D1362F2B4A642100FBDA4D /* FHLBibleTWUITests */,
				57D1360A2B4A642000FBDA4D /* Products */,
				573212222BA19F7A006100CF /* Frameworks */,
			);
			sourceTree = "<group>";
		};
		57D1360A2B4A642000FBDA4D /* Products */ = {
			isa = PBXGroup;
			children = (
				57D136092B4A642000FBDA4D /* FHLBibleTW.app */,
				57D136222B4A642100FBDA4D /* FHLBibleTWTests.xctest */,
				57D1362C2B4A642100FBDA4D /* FHLBibleTWUITests.xctest */,
			);
			name = Products;
			sourceTree = "<group>";
		};
		57D1360B2B4A642000FBDA4D /* FHLBibleTW */ = {
			isa = PBXGroup;
			children = (
				57D1363F2B4A76AE00FBDA4D /* Read */,
				57D1360C2B4A642000FBDA4D /* AppDelegate.swift */,
				57D1360E2B4A642000FBDA4D /* SceneDelegate.swift */,
				57D136122B4A642000FBDA4D /* Main.storyboard */,
				57D136182B4A642100FBDA4D /* Assets.xcassets */,
				57BA20422B664A9900E5638D /* open_han31.ttf */,
				57D1361A2B4A642100FBDA4D /* LaunchScreen.storyboard */,
				57D1361D2B4A642100FBDA4D /* Info.plist */,
				57D136152B4A642000FBDA4D /* FHLBibleTW.xcdatamodeld */,
				573212202BA1989B006100CF /* InfoPlist.strings */,
			);
			path = FHLBibleTW;
			sourceTree = "<group>";
		};
		57D136252B4A642100FBDA4D /* FHLBibleTWTests */ = {
			isa = PBXGroup;
			children = (
				57D136262B4A642100FBDA4D /* FHLBibleTWTests.swift */,
			);
			path = FHLBibleTWTests;
			sourceTree = "<group>";
		};
		57D1362F2B4A642100FBDA4D /* FHLBibleTWUITests */ = {
			isa = PBXGroup;
			children = (
				57D136302B4A642100FBDA4D /* FHLBibleTWUITests.swift */,
				57D136322B4A642100FBDA4D /* FHLBibleTWUITestsLaunchTests.swift */,
			);
			path = FHLBibleTWUITests;
			sourceTree = "<group>";
		};
		57D1363F2B4A76AE00FBDA4D /* Read */ = {
			isa = PBXGroup;
			children = (
				57D136402B4A76C200FBDA4D /* VCRead.swift */,
			);
			path = Read;
			sourceTree = "<group>";
		};
/* End PBXGroup section */

/* Begin PBXNativeTarget section */
		57D136082B4A642000FBDA4D /* FHLBibleTW */ = {
			isa = PBXNativeTarget;
			buildConfigurationList = 57D136362B4A642100FBDA4D /* Build configuration list for PBXNativeTarget "FHLBibleTW" */;
			buildPhases = (
				57D136052B4A642000FBDA4D /* Sources */,
				57D136062B4A642000FBDA4D /* Frameworks */,
				57D136072B4A642000FBDA4D /* Resources */,
				573212262BA19F7B006100CF /* Embed Frameworks */,
			);
			buildRules = (
			);
			dependencies = (
			);
			name = FHLBibleTW;
			packageProductDependencies = (
				57BA22D32B8614A500E5638D /* FMDB */,
			);
			productName = FHLBibleTW;
			productReference = 57D136092B4A642000FBDA4D /* FHLBibleTW.app */;
			productType = "com.apple.product-type.application";
		};
		57D136212B4A642100FBDA4D /* FHLBibleTWTests */ = {
			isa = PBXNativeTarget;
			buildConfigurationList = 57D136392B4A642100FBDA4D /* Build configuration list for PBXNativeTarget "FHLBibleTWTests" */;
			buildPhases = (
				57D1361E2B4A642100FBDA4D /* Sources */,
				57D1361F2B4A642100FBDA4D /* Frameworks */,
				57D136202B4A642100FBDA4D /* Resources */,
			);
			buildRules = (
			);
			dependencies = (
				57D136242B4A642100FBDA4D /* PBXTargetDependency */,
			);
			name = FHLBibleTWTests;
			productName = FHLBibleTWTests;
			productReference = 57D136222B4A642100FBDA4D /* FHLBibleTWTests.xctest */;
			productType = "com.apple.product-type.bundle.unit-test";
		};
		57D1362B2B4A642100FBDA4D /* FHLBibleTWUITests */ = {
			isa = PBXNativeTarget;
			buildConfigurationList = 57D1363C2B4A642100FBDA4D /* Build configuration list for PBXNativeTarget "FHLBibleTWUITests" */;
			buildPhases = (
				57D136282B4A642100FBDA4D /* Sources */,
				57D136292B4A642100FBDA4D /* Frameworks */,
				57D1362A2B4A642100FBDA4D /* Resources */,
			);
			buildRules = (
			);
			dependencies = (
				57D1362E2B4A642100FBDA4D /* PBXTargetDependency */,
			);
			name = FHLBibleTWUITests;
			productName = FHLBibleTWUITests;
			productReference = 57D1362C2B4A642100FBDA4D /* FHLBibleTWUITests.xctest */;
			productType = "com.apple.product-type.bundle.ui-testing";
		};
/* End PBXNativeTarget section */

/* Begin PBXProject section */
		57D136012B4A642000FBDA4D /* Project object */ = {
			isa = PBXProject;
			attributes = {
				BuildIndependentTargetsInParallel = 1;
				LastSwiftUpdateCheck = 1430;
				LastUpgradeCheck = 1430;
				TargetAttributes = {
					57D136082B4A642000FBDA4D = {
						CreatedOnToolsVersion = 14.3;
					};
					57D136212B4A642100FBDA4D = {
						CreatedOnToolsVersion = 14.3;
						TestTargetID = 57D136082B4A642000FBDA4D;
					};
					57D1362B2B4A642100FBDA4D = {
						CreatedOnToolsVersion = 14.3;
						TestTargetID = 57D136082B4A642000FBDA4D;
					};
				};
			};
			buildConfigurationList = 57D136042B4A642000FBDA4D /* Build configuration list for PBXProject "FHLBibleTW" */;
			compatibilityVersion = "Xcode 14.0";
			developmentRegion = "zh-Hant";
			hasScannedForEncodings = 0;
			knownRegions = (
				en,
				Base,
				"zh-Hant",
				"zh-Hans",
			);
			mainGroup = 57D136002B4A642000FBDA4D;
			packageReferences = (
				57BA22D22B8614A500E5638D /* XCRemoteSwiftPackageReference "fmdb" */,
			);
			productRefGroup = 57D1360A2B4A642000FBDA4D /* Products */;
			projectDirPath = "";
			projectRoot = "";
			targets = (
				57D136082B4A642000FBDA4D /* FHLBibleTW */,
				57D136212B4A642100FBDA4D /* FHLBibleTWTests */,
				57D1362B2B4A642100FBDA4D /* FHLBibleTWUITests */,
			);
		};
/* End PBXProject section */

/* Begin PBXResourcesBuildPhase section */
		57D136072B4A642000FBDA4D /* Resources */ = {
			isa = PBXResourcesBuildPhase;
			buildActionMask = 2147483647;
			files = (
				57D1361C2B4A642100FBDA4D /* LaunchScreen.storyboard in Resources */,
				57D136192B4A642100FBDA4D /* Assets.xcassets in Resources */,
				57BA20432B664A9900E5638D /* open_han31.ttf in Resources */,
				57D136142B4A642000FBDA4D /* Main.storyboard in Resources */,
				5732121E2BA1989B006100CF /* InfoPlist.strings in Resources */,
			);
			runOnlyForDeploymentPostprocessing = 0;
		};
		57D136202B4A642100FBDA4D /* Resources */ = {
			isa = PBXResourcesBuildPhase;
			buildActionMask = 2147483647;
			files = (
			);
			runOnlyForDeploymentPostprocessing = 0;
		};
		57D1362A2B4A642100FBDA4D /* Resources */ = {
			isa = PBXResourcesBuildPhase;
			buildActionMask = 2147483647;
			files = (
			);
			runOnlyForDeploymentPostprocessing = 0;
		};
/* End PBXResourcesBuildPhase section */

/* Begin PBXSourcesBuildPhase section */
		57D136052B4A642000FBDA4D /* Sources */ = {
			isa = PBXSourcesBuildPhase;
			buildActionMask = 2147483647;
			files = (
				57D136412B4A76C200FBDA4D /* VCRead.swift in Sources */,
				57D1360D2B4A642000FBDA4D /* AppDelegate.swift in Sources */,
				57D136172B4A642000FBDA4D /* FHLBibleTW.xcdatamodeld in Sources */,
				57D1360F2B4A642000FBDA4D /* SceneDelegate.swift in Sources */,
			);
			runOnlyForDeploymentPostprocessing = 0;
		};
		57D1361E2B4A642100FBDA4D /* Sources */ = {
			isa = PBXSourcesBuildPhase;
			buildActionMask = 2147483647;
			files = (
				57D136272B4A642100FBDA4D /* FHLBibleTWTests.swift in Sources */,
			);
			runOnlyForDeploymentPostprocessing = 0;
		};
		57D136282B4A642100FBDA4D /* Sources */ = {
			isa = PBXSourcesBuildPhase;
			buildActionMask = 2147483647;
			files = (
				57D136312B4A642100FBDA4D /* FHLBibleTWUITests.swift in Sources */,
				57D136332B4A642100FBDA4D /* FHLBibleTWUITestsLaunchTests.swift in Sources */,
			);
			runOnlyForDeploymentPostprocessing = 0;
		};
/* End PBXSourcesBuildPhase section */

/* Begin PBXTargetDependency section */
		57D136242B4A642100FBDA4D /* PBXTargetDependency */ = {
			isa = PBXTargetDependency;
			target = 57D136082B4A642000FBDA4D /* FHLBibleTW */;
			targetProxy = 57D136232B4A642100FBDA4D /* PBXContainerItemProxy */;
		};
		57D1362E2B4A642100FBDA4D /* PBXTargetDependency */ = {
			isa = PBXTargetDependency;
			target = 57D136082B4A642000FBDA4D /* FHLBibleTW */;
			targetProxy = 57D1362D2B4A642100FBDA4D /* PBXContainerItemProxy */;
		};
/* End PBXTargetDependency section */

/* Begin PBXVariantGroup section */
		573212202BA1989B006100CF /* InfoPlist.strings */ = {
			isa = PBXVariantGroup;
			children = (
				5732121F2BA1989B006100CF /* zh-Hant */,
				573212212BA198A0006100CF /* zh-Hans */,
			);
			name = InfoPlist.strings;
			sourceTree = "<group>";
		};
		57D136122B4A642000FBDA4D /* Main.storyboard */ = {
			isa = PBXVariantGroup;
			children = (
				57D136132B4A642000FBDA4D /* Base */,
				5732121A2BA197D2006100CF /* zh-Hant */,
				5732121B2BA197D2006100CF /* zh-Hans */,
			);
			name = Main.storyboard;
			sourceTree = "<group>";
		};
		57D1361A2B4A642100FBDA4D /* LaunchScreen.storyboard */ = {
			isa = PBXVariantGroup;
			children = (
				57D1361B2B4A642100FBDA4D /* Base */,
				57BA22842B7DA01B00E5638D /* zh-Hant */,
				57BA22862B7DA02300E5638D /* zh-Hans */,
			);
			name = LaunchScreen.storyboard;
			sourceTree = "<group>";
		};
/* End PBXVariantGroup section */

/* Begin XCBuildConfiguration section */
		57D136342B4A642100FBDA4D /* Debug */ = {
			isa = XCBuildConfiguration;
			buildSettings = {
				ALWAYS_SEARCH_USER_PATHS = NO;
				CLANG_ANALYZER_LOCALIZABILITY_NONLOCALIZED = YES;
				CLANG_ANALYZER_NONNULL = YES;
				CLANG_ANALYZER_NUMBER_OBJECT_CONVERSION = YES_AGGRESSIVE;
				CLANG_CXX_LANGUAGE_STANDARD = "gnu++20";
				CLANG_ENABLE_MODULES = YES;
				CLANG_ENABLE_OBJC_ARC = YES;
				CLANG_ENABLE_OBJC_WEAK = YES;
				CLANG_WARN_BLOCK_CAPTURE_AUTORELEASING = YES;
				CLANG_WARN_BOOL_CONVERSION = YES;
				CLANG_WARN_COMMA = YES;
				CLANG_WARN_CONSTANT_CONVERSION = YES;
				CLANG_WARN_DEPRECATED_OBJC_IMPLEMENTATIONS = YES;
				CLANG_WARN_DIRECT_OBJC_ISA_USAGE = YES_ERROR;
				CLANG_WARN_DOCUMENTATION_COMMENTS = YES;
				CLANG_WARN_EMPTY_BODY = YES;
				CLANG_WARN_ENUM_CONVERSION = YES;
				CLANG_WARN_INFINITE_RECURSION = YES;
				CLANG_WARN_INT_CONVERSION = YES;
				CLANG_WARN_NON_LITERAL_NULL_CONVERSION = YES;
				CLANG_WARN_OBJC_IMPLICIT_RETAIN_SELF = YES;
				CLANG_WARN_OBJC_LITERAL_CONVERSION = YES;
				CLANG_WARN_OBJC_ROOT_CLASS = YES_ERROR;
				CLANG_WARN_QUOTED_INCLUDE_IN_FRAMEWORK_HEADER = YES;
				CLANG_WARN_RANGE_LOOP_ANALYSIS = YES;
				CLANG_WARN_STRICT_PROTOTYPES = YES;
				CLANG_WARN_SUSPICIOUS_MOVE = YES;
				CLANG_WARN_UNGUARDED_AVAILABILITY = YES_AGGRESSIVE;
				CLANG_WARN_UNREACHABLE_CODE = YES;
				CLANG_WARN__DUPLICATE_METHOD_MATCH = YES;
				COPY_PHASE_STRIP = NO;
				DEBUG_INFORMATION_FORMAT = dwarf;
				ENABLE_STRICT_OBJC_MSGSEND = YES;
				ENABLE_TESTABILITY = YES;
				GCC_C_LANGUAGE_STANDARD = gnu11;
				GCC_DYNAMIC_NO_PIC = NO;
				GCC_NO_COMMON_BLOCKS = YES;
				GCC_OPTIMIZATION_LEVEL = 0;
				GCC_PREPROCESSOR_DEFINITIONS = (
					"DEBUG=1",
					"$(inherited)",
				);
				GCC_WARN_64_TO_32_BIT_CONVERSION = YES;
				GCC_WARN_ABOUT_RETURN_TYPE = YES_ERROR;
				GCC_WARN_UNDECLARED_SELECTOR = YES;
				GCC_WARN_UNINITIALIZED_AUTOS = YES_AGGRESSIVE;
				GCC_WARN_UNUSED_FUNCTION = YES;
				GCC_WARN_UNUSED_VARIABLE = YES;
				IPHONEOS_DEPLOYMENT_TARGET = 14.0;
				MTL_ENABLE_DEBUG_INFO = INCLUDE_SOURCE;
				MTL_FAST_MATH = YES;
				ONLY_ACTIVE_ARCH = YES;
				SDKROOT = iphoneos;
				SWIFT_ACTIVE_COMPILATION_CONDITIONS = DEBUG;
				SWIFT_OPTIMIZATION_LEVEL = "-Onone";
			};
			name = Debug;
		};
		57D136352B4A642100FBDA4D /* Release */ = {
			isa = XCBuildConfiguration;
			buildSettings = {
				ALWAYS_SEARCH_USER_PATHS = NO;
				CLANG_ANALYZER_LOCALIZABILITY_NONLOCALIZED = YES;
				CLANG_ANALYZER_NONNULL = YES;
				CLANG_ANALYZER_NUMBER_OBJECT_CONVERSION = YES_AGGRESSIVE;
				CLANG_CXX_LANGUAGE_STANDARD = "gnu++20";
				CLANG_ENABLE_MODULES = YES;
				CLANG_ENABLE_OBJC_ARC = YES;
				CLANG_ENABLE_OBJC_WEAK = YES;
				CLANG_WARN_BLOCK_CAPTURE_AUTORELEASING = YES;
				CLANG_WARN_BOOL_CONVERSION = YES;
				CLANG_WARN_COMMA = YES;
				CLANG_WARN_CONSTANT_CONVERSION = YES;
				CLANG_WARN_DEPRECATED_OBJC_IMPLEMENTATIONS = YES;
				CLANG_WARN_DIRECT_OBJC_ISA_USAGE = YES_ERROR;
				CLANG_WARN_DOCUMENTATION_COMMENTS = YES;
				CLANG_WARN_EMPTY_BODY = YES;
				CLANG_WARN_ENUM_CONVERSION = YES;
				CLANG_WARN_INFINITE_RECURSION = YES;
				CLANG_WARN_INT_CONVERSION = YES;
				CLANG_WARN_NON_LITERAL_NULL_CONVERSION = YES;
				CLANG_WARN_OBJC_IMPLICIT_RETAIN_SELF = YES;
				CLANG_WARN_OBJC_LITERAL_CONVERSION = YES;
				CLANG_WARN_OBJC_ROOT_CLASS = YES_ERROR;
				CLANG_WARN_QUOTED_INCLUDE_IN_FRAMEWORK_HEADER = YES;
				CLANG_WARN_RANGE_LOOP_ANALYSIS = YES;
				CLANG_WARN_STRICT_PROTOTYPES = YES;
				CLANG_WARN_SUSPICIOUS_MOVE = YES;
				CLANG_WARN_UNGUARDED_AVAILABILITY = YES_AGGRESSIVE;
				CLANG_WARN_UNREACHABLE_CODE = YES;
				CLANG_WARN__DUPLICATE_METHOD_MATCH = YES;
				COPY_PHASE_STRIP = NO;
				DEBUG_INFORMATION_FORMAT = "dwarf-with-dsym";
				ENABLE_NS_ASSERTIONS = NO;
				ENABLE_STRICT_OBJC_MSGSEND = YES;
				GCC_C_LANGUAGE_STANDARD = gnu11;
				GCC_NO_COMMON_BLOCKS = YES;
				GCC_WARN_64_TO_32_BIT_CONVERSION = YES;
				GCC_WARN_ABOUT_RETURN_TYPE = YES_ERROR;
				GCC_WARN_UNDECLARED_SELECTOR = YES;
				GCC_WARN_UNINITIALIZED_AUTOS = YES_AGGRESSIVE;
				GCC_WARN_UNUSED_FUNCTION = YES;
				GCC_WARN_UNUSED_VARIABLE = YES;
				IPHONEOS_DEPLOYMENT_TARGET = 14.0;
				MTL_ENABLE_DEBUG_INFO = NO;
				MTL_FAST_MATH = YES;
				SDKROOT = iphoneos;
				SWIFT_COMPILATION_MODE = wholemodule;
				SWIFT_OPTIMIZATION_LEVEL = "-O";
				VALIDATE_PRODUCT = YES;
			};
			name = Release;
		};
		57D136372B4A642100FBDA4D /* Debug */ = {
			isa = XCBuildConfiguration;
			buildSettings = {
				ASSETCATALOG_COMPILER_APPICON_NAME = AppIcon;
				ASSETCATALOG_COMPILER_GLOBAL_ACCENT_COLOR_NAME = AccentColor;
				CODE_SIGN_STYLE = Automatic;
				CURRENT_PROJECT_VERSION = 1;
				DEVELOPMENT_TEAM = SF45W7PV99;
				GENERATE_INFOPLIST_FILE = YES;
				INFOPLIST_FILE = FHLBibleTW/Info.plist;
				INFOPLIST_KEY_CFBundleDisplayName = "台語聖經";
				INFOPLIST_KEY_UIApplicationSupportsIndirectInputEvents = YES;
				INFOPLIST_KEY_UILaunchStoryboardName = LaunchScreen;
				INFOPLIST_KEY_UIMainStoryboardFile = Main;
				INFOPLIST_KEY_UISupportedInterfaceOrientations_iPad = "UIInterfaceOrientationPortrait UIInterfaceOrientationPortraitUpsideDown UIInterfaceOrientationLandscapeLeft UIInterfaceOrientationLandscapeRight";
				INFOPLIST_KEY_UISupportedInterfaceOrientations_iPhone = "UIInterfaceOrientationPortrait UIInterfaceOrientationLandscapeLeft UIInterfaceOrientationLandscapeRight";
				IPHONEOS_DEPLOYMENT_TARGET = 14.0;
				LD_RUNPATH_SEARCH_PATHS = (
					"$(inherited)",
					"@executable_path/Frameworks",
				);
				MARKETING_VERSION = 1.0;
				PRODUCT_BUNDLE_IDENTIFIER = IJN.FHLBibleTW;
				PRODUCT_NAME = "$(TARGET_NAME)";
				SWIFT_EMIT_LOC_STRINGS = YES;
				SWIFT_VERSION = 5.0;
				TARGETED_DEVICE_FAMILY = "1,2";
			};
			name = Debug;
		};
		57D136382B4A642100FBDA4D /* Release */ = {
			isa = XCBuildConfiguration;
			buildSettings = {
				ASSETCATALOG_COMPILER_APPICON_NAME = AppIcon;
				ASSETCATALOG_COMPILER_GLOBAL_ACCENT_COLOR_NAME = AccentColor;
				CODE_SIGN_STYLE = Automatic;
				CURRENT_PROJECT_VERSION = 1;
				DEVELOPMENT_TEAM = VYVKTHK4E5;
				GENERATE_INFOPLIST_FILE = YES;
				INFOPLIST_FILE = FHLBibleTW/Info.plist;
				INFOPLIST_KEY_CFBundleDisplayName = "台語聖經";
				INFOPLIST_KEY_UIApplicationSupportsIndirectInputEvents = YES;
				INFOPLIST_KEY_UILaunchStoryboardName = LaunchScreen;
				INFOPLIST_KEY_UIMainStoryboardFile = Main;
				INFOPLIST_KEY_UISupportedInterfaceOrientations_iPad = "UIInterfaceOrientationPortrait UIInterfaceOrientationPortraitUpsideDown UIInterfaceOrientationLandscapeLeft UIInterfaceOrientationLandscapeRight";
				INFOPLIST_KEY_UISupportedInterfaceOrientations_iPhone = "UIInterfaceOrientationPortrait UIInterfaceOrientationLandscapeLeft UIInterfaceOrientationLandscapeRight";
				IPHONEOS_DEPLOYMENT_TARGET = 14.0;
				LD_RUNPATH_SEARCH_PATHS = (
					"$(inherited)",
					"@executable_path/Frameworks",
				);
				MARKETING_VERSION = 1.0;
				PRODUCT_BUNDLE_IDENTIFIER = IJN.FHLBibleTW;
				PRODUCT_NAME = "$(TARGET_NAME)";
				SWIFT_EMIT_LOC_STRINGS = YES;
				SWIFT_VERSION = 5.0;
				TARGETED_DEVICE_FAMILY = "1,2";
			};
			name = Release;
		};
		57D1363A2B4A642100FBDA4D /* Debug */ = {
			isa = XCBuildConfiguration;
			buildSettings = {
				ALWAYS_EMBED_SWIFT_STANDARD_LIBRARIES = YES;
				BUNDLE_LOADER = "$(TEST_HOST)";
				CODE_SIGN_STYLE = Automatic;
				CURRENT_PROJECT_VERSION = 1;
				DEVELOPMENT_TEAM = SF45W7PV99;
				GENERATE_INFOPLIST_FILE = YES;
				IPHONEOS_DEPLOYMENT_TARGET = 16.4;
				MARKETING_VERSION = 1.0;
				PRODUCT_BUNDLE_IDENTIFIER = IJN.FHLBibleTWTests;
				PRODUCT_NAME = "$(TARGET_NAME)";
				SWIFT_EMIT_LOC_STRINGS = NO;
				SWIFT_VERSION = 5.0;
				TARGETED_DEVICE_FAMILY = "1,2";
				TEST_HOST = "$(BUILT_PRODUCTS_DIR)/FHLBibleTW.app/$(BUNDLE_EXECUTABLE_FOLDER_PATH)/FHLBibleTW";
			};
			name = Debug;
		};
		57D1363B2B4A642100FBDA4D /* Release */ = {
			isa = XCBuildConfiguration;
			buildSettings = {
				ALWAYS_EMBED_SWIFT_STANDARD_LIBRARIES = YES;
				BUNDLE_LOADER = "$(TEST_HOST)";
				CODE_SIGN_STYLE = Automatic;
				CURRENT_PROJECT_VERSION = 1;
				DEVELOPMENT_TEAM = SF45W7PV99;
				GENERATE_INFOPLIST_FILE = YES;
				IPHONEOS_DEPLOYMENT_TARGET = 16.4;
				MARKETING_VERSION = 1.0;
				PRODUCT_BUNDLE_IDENTIFIER = IJN.FHLBibleTWTests;
				PRODUCT_NAME = "$(TARGET_NAME)";
				SWIFT_EMIT_LOC_STRINGS = NO;
				SWIFT_VERSION = 5.0;
				TARGETED_DEVICE_FAMILY = "1,2";
				TEST_HOST = "$(BUILT_PRODUCTS_DIR)/FHLBibleTW.app/$(BUNDLE_EXECUTABLE_FOLDER_PATH)/FHLBibleTW";
			};
			name = Release;
		};
		57D1363D2B4A642100FBDA4D /* Debug */ = {
			isa = XCBuildConfiguration;
			buildSettings = {
				ALWAYS_EMBED_SWIFT_STANDARD_LIBRARIES = YES;
				CODE_SIGN_STYLE = Automatic;
				CURRENT_PROJECT_VERSION = 1;
				DEVELOPMENT_TEAM = SF45W7PV99;
				GENERATE_INFOPLIST_FILE = YES;
				MARKETING_VERSION = 1.0;
				PRODUCT_BUNDLE_IDENTIFIER = IJN.FHLBibleTWUITests;
				PRODUCT_NAME = "$(TARGET_NAME)";
				SWIFT_EMIT_LOC_STRINGS = NO;
				SWIFT_VERSION = 5.0;
				TARGETED_DEVICE_FAMILY = "1,2";
				TEST_TARGET_NAME = FHLBibleTW;
			};
			name = Debug;
		};
		57D1363E2B4A642100FBDA4D /* Release */ = {
			isa = XCBuildConfiguration;
			buildSettings = {
				ALWAYS_EMBED_SWIFT_STANDARD_LIBRARIES = YES;
				CODE_SIGN_STYLE = Automatic;
				CURRENT_PROJECT_VERSION = 1;
				DEVELOPMENT_TEAM = SF45W7PV99;
				GENERATE_INFOPLIST_FILE = YES;
				MARKETING_VERSION = 1.0;
				PRODUCT_BUNDLE_IDENTIFIER = IJN.FHLBibleTWUITests;
				PRODUCT_NAME = "$(TARGET_NAME)";
				SWIFT_EMIT_LOC_STRINGS = NO;
				SWIFT_VERSION = 5.0;
				TARGETED_DEVICE_FAMILY = "1,2";
				TEST_TARGET_NAME = FHLBibleTW;
			};
			name = Release;
		};
/* End XCBuildConfiguration section */

/* Begin XCConfigurationList section */
		57D136042B4A642000FBDA4D /* Build configuration list for PBXProject "FHLBibleTW" */ = {
			isa = XCConfigurationList;
			buildConfigurations = (
				57D136342B4A642100FBDA4D /* Debug */,
				57D136352B4A642100FBDA4D /* Release */,
			);
			defaultConfigurationIsVisible = 0;
			defaultConfigurationName = Release;
		};
		57D136362B4A642100FBDA4D /* Build configuration list for PBXNativeTarget "FHLBibleTW" */ = {
			isa = XCConfigurationList;
			buildConfigurations = (
				57D136372B4A642100FBDA4D /* Debug */,
				57D136382B4A642100FBDA4D /* Release */,
			);
			defaultConfigurationIsVisible = 0;
			defaultConfigurationName = Release;
		};
		57D136392B4A642100FBDA4D /* Build configuration list for PBXNativeTarget "FHLBibleTWTests" */ = {
			isa = XCConfigurationList;
			buildConfigurations = (
				57D1363A2B4A642100FBDA4D /* Debug */,
				57D1363B2B4A642100FBDA4D /* Release */,
			);
			defaultConfigurationIsVisible = 0;
			defaultConfigurationName = Release;
		};
		57D1363C2B4A642100FBDA4D /* Build configuration list for PBXNativeTarget "FHLBibleTWUITests" */ = {
			isa = XCConfigurationList;
			buildConfigurations = (
				57D1363D2B4A642100FBDA4D /* Debug */,
				57D1363E2B4A642100FBDA4D /* Release */,
			);
			defaultConfigurationIsVisible = 0;
			defaultConfigurationName = Release;
		};
/* End XCConfigurationList section */

/* Begin XCRemoteSwiftPackageReference section */
		57BA22D22B8614A500E5638D /* XCRemoteSwiftPackageReference "fmdb" */ = {
			isa = XCRemoteSwiftPackageReference;
			repositoryURL = "https://github.com/ccgus/fmdb.git";
			requirement = {
				kind = upToNextMajorVersion;
				minimumVersion = 2.0.0;
			};
		};
/* End XCRemoteSwiftPackageReference section */

/* Begin XCSwiftPackageProductDependency section */
		57BA22D32B8614A500E5638D /* FMDB */ = {
			isa = XCSwiftPackageProductDependency;
			package = 57BA22D22B8614A500E5638D /* XCRemoteSwiftPackageReference "fmdb" */;
			productName = FMDB;
		};
/* End XCSwiftPackageProductDependency section */

/* Begin XCVersionGroup section */
		57D136152B4A642000FBDA4D /* FHLBibleTW.xcdatamodeld */ = {
			isa = XCVersionGroup;
			children = (
				57D136162B4A642000FBDA4D /* FHLBibleTW.xcdatamodel */,
			);
			currentVersion = 57D136162B4A642000FBDA4D /* FHLBibleTW.xcdatamodel */;
			path = FHLBibleTW.xcdatamodeld;
			sourceTree = "<group>";
			versionGroupType = wrapper.xcdatamodel;
		};
/* End XCVersionGroup section */
	};
	rootObject = 57D136012B4A642000FBDA4D /* Project object */;
}
